// !$*UTF8*$!
{
	archiveVersion = 1;
	classes = {
	};
	objectVersion = 50;
	objects = {

/* Begin PBXBuildFile section */
		8984D1332620CE2200C65994 /* AppDelegate.swift in Sources */ = {isa = PBXBuildFile; fileRef = 8984D1322620CE2200C65994 /* AppDelegate.swift */; };
		8984D1352620CE2200C65994 /* SceneDelegate.swift in Sources */ = {isa = PBXBuildFile; fileRef = 8984D1342620CE2200C65994 /* SceneDelegate.swift */; };
		8984D1372620CE2200C65994 /* ViewController.swift in Sources */ = {isa = PBXBuildFile; fileRef = 8984D1362620CE2200C65994 /* ViewController.swift */; };
		8984D13A2620CE2200C65994 /* Main.storyboard in Resources */ = {isa = PBXBuildFile; fileRef = 8984D1382620CE2200C65994 /* Main.storyboard */; };
		8984D13C2620CE2900C65994 /* Assets.xcassets in Resources */ = {isa = PBXBuildFile; fileRef = 8984D13B2620CE2900C65994 /* Assets.xcassets */; };
		8984D13F2620CE2900C65994 /* LaunchScreen.storyboard in Resources */ = {isa = PBXBuildFile; fileRef = 8984D13D2620CE2900C65994 /* LaunchScreen.storyboard */; };
		8984D14A2620CE2900C65994 /* GoldenAgerTests.swift in Sources */ = {isa = PBXBuildFile; fileRef = 8984D1492620CE2900C65994 /* GoldenAgerTests.swift */; };
		8984D1552620CE2900C65994 /* GoldenAgerUITests.swift in Sources */ = {isa = PBXBuildFile; fileRef = 8984D1542620CE2900C65994 /* GoldenAgerUITests.swift */; };
		8984D1692620D96700C65994 /* Fonts in Resources */ = {isa = PBXBuildFile; fileRef = 8984D1682620D96600C65994 /* Fonts */; };
/* End PBXBuildFile section */

/* Begin PBXContainerItemProxy section */
		8984D1462620CE2900C65994 /* PBXContainerItemProxy */ = {
			isa = PBXContainerItemProxy;
			containerPortal = 8984D1272620CE2100C65994 /* Project object */;
			proxyType = 1;
			remoteGlobalIDString = 8984D12E2620CE2200C65994;
			remoteInfo = GoldenAger;
		};
		8984D1512620CE2900C65994 /* PBXContainerItemProxy */ = {
			isa = PBXContainerItemProxy;
			containerPortal = 8984D1272620CE2100C65994 /* Project object */;
			proxyType = 1;
			remoteGlobalIDString = 8984D12E2620CE2200C65994;
			remoteInfo = GoldenAger;
		};
/* End PBXContainerItemProxy section */

/* Begin PBXFileReference section */
		8984D12F2620CE2200C65994 /* GoldenAger.app */ = {isa = PBXFileReference; explicitFileType = wrapper.application; includeInIndex = 0; path = GoldenAger.app; sourceTree = BUILT_PRODUCTS_DIR; };
		8984D1322620CE2200C65994 /* AppDelegate.swift */ = {isa = PBXFileReference; lastKnownFileType = sourcecode.swift; path = AppDelegate.swift; sourceTree = "<group>"; };
		8984D1342620CE2200C65994 /* SceneDelegate.swift */ = {isa = PBXFileReference; lastKnownFileType = sourcecode.swift; path = SceneDelegate.swift; sourceTree = "<group>"; };
		8984D1362620CE2200C65994 /* ViewController.swift */ = {isa = PBXFileReference; lastKnownFileType = sourcecode.swift; path = ViewController.swift; sourceTree = "<group>"; };
		8984D1392620CE2200C65994 /* Base */ = {isa = PBXFileReference; lastKnownFileType = file.storyboard; name = Base; path = Base.lproj/Main.storyboard; sourceTree = "<group>"; };
		8984D13B2620CE2900C65994 /* Assets.xcassets */ = {isa = PBXFileReference; lastKnownFileType = folder.assetcatalog; path = Assets.xcassets; sourceTree = "<group>"; };
		8984D13E2620CE2900C65994 /* Base */ = {isa = PBXFileReference; lastKnownFileType = file.storyboard; name = Base; path = Base.lproj/LaunchScreen.storyboard; sourceTree = "<group>"; };
		8984D1402620CE2900C65994 /* Info.plist */ = {isa = PBXFileReference; lastKnownFileType = text.plist.xml; path = Info.plist; sourceTree = "<group>"; };
		8984D1452620CE2900C65994 /* GoldenAgerTests.xctest */ = {isa = PBXFileReference; explicitFileType = wrapper.cfbundle; includeInIndex = 0; path = GoldenAgerTests.xctest; sourceTree = BUILT_PRODUCTS_DIR; };
		8984D1492620CE2900C65994 /* GoldenAgerTests.swift */ = {isa = PBXFileReference; lastKnownFileType = sourcecode.swift; path = GoldenAgerTests.swift; sourceTree = "<group>"; };
		8984D14B2620CE2900C65994 /* Info.plist */ = {isa = PBXFileReference; lastKnownFileType = text.plist.xml; path = Info.plist; sourceTree = "<group>"; };
		8984D1502620CE2900C65994 /* GoldenAgerUITests.xctest */ = {isa = PBXFileReference; explicitFileType = wrapper.cfbundle; includeInIndex = 0; path = GoldenAgerUITests.xctest; sourceTree = BUILT_PRODUCTS_DIR; };
		8984D1542620CE2900C65994 /* GoldenAgerUITests.swift */ = {isa = PBXFileReference; lastKnownFileType = sourcecode.swift; path = GoldenAgerUITests.swift; sourceTree = "<group>"; };
		8984D1562620CE2900C65994 /* Info.plist */ = {isa = PBXFileReference; lastKnownFileType = text.plist.xml; path = Info.plist; sourceTree = "<group>"; };
		8984D1682620D96600C65994 /* Fonts */ = {isa = PBXFileReference; lastKnownFileType = folder; path = Fonts; sourceTree = "<group>"; };
/* End PBXFileReference section */

/* Begin PBXFrameworksBuildPhase section */
		8984D12C2620CE2200C65994 /* Frameworks */ = {
			isa = PBXFrameworksBuildPhase;
			buildActionMask = 2147483647;
			files = (
			);
			runOnlyForDeploymentPostprocessing = 0;
		};
		8984D1422620CE2900C65994 /* Frameworks */ = {
			isa = PBXFrameworksBuildPhase;
			buildActionMask = 2147483647;
			files = (
			);
			runOnlyForDeploymentPostprocessing = 0;
		};
		8984D14D2620CE2900C65994 /* Frameworks */ = {
			isa = PBXFrameworksBuildPhase;
			buildActionMask = 2147483647;
			files = (
			);
			runOnlyForDeploymentPostprocessing = 0;
		};
/* End PBXFrameworksBuildPhase section */

/* Begin PBXGroup section */
		8984D1262620CE2100C65994 = {
			isa = PBXGroup;
			children = (
				8984D1312620CE2200C65994 /* GoldenAger */,
				8984D1482620CE2900C65994 /* GoldenAgerTests */,
				8984D1532620CE2900C65994 /* GoldenAgerUITests */,
				8984D1302620CE2200C65994 /* Products */,
			);
			sourceTree = "<group>";
		};
		8984D1302620CE2200C65994 /* Products */ = {
			isa = PBXGroup;
			children = (
				8984D12F2620CE2200C65994 /* GoldenAger.app */,
				8984D1452620CE2900C65994 /* GoldenAgerTests.xctest */,
				8984D1502620CE2900C65994 /* GoldenAgerUITests.xctest */,
			);
			name = Products;
			sourceTree = "<group>";
		};
		8984D1312620CE2200C65994 /* GoldenAger */ = {
			isa = PBXGroup;
			children = (
				8984D1682620D96600C65994 /* Fonts */,
				8984D1322620CE2200C65994 /* AppDelegate.swift */,
				8984D1342620CE2200C65994 /* SceneDelegate.swift */,
				8984D1362620CE2200C65994 /* ViewController.swift */,
				8984D1382620CE2200C65994 /* Main.storyboard */,
				8984D13B2620CE2900C65994 /* Assets.xcassets */,
				8984D13D2620CE2900C65994 /* LaunchScreen.storyboard */,
				8984D1402620CE2900C65994 /* Info.plist */,
			);
			path = GoldenAger;
			sourceTree = "<group>";
		};
		8984D1482620CE2900C65994 /* GoldenAgerTests */ = {
			isa = PBXGroup;
			children = (
				8984D1492620CE2900C65994 /* GoldenAgerTests.swift */,
				8984D14B2620CE2900C65994 /* Info.plist */,
			);
			path = GoldenAgerTests;
			sourceTree = "<group>";
		};
		8984D1532620CE2900C65994 /* GoldenAgerUITests */ = {
			isa = PBXGroup;
			children = (
				8984D1542620CE2900C65994 /* GoldenAgerUITests.swift */,
				8984D1562620CE2900C65994 /* Info.plist */,
			);
			path = GoldenAgerUITests;
			sourceTree = "<group>";
		};
/* End PBXGroup section */

/* Begin PBXNativeTarget section */
		8984D12E2620CE2200C65994 /* GoldenAger */ = {
			isa = PBXNativeTarget;
			buildConfigurationList = 8984D1592620CE2900C65994 /* Build configuration list for PBXNativeTarget "GoldenAger" */;
			buildPhases = (
				8984D12B2620CE2200C65994 /* Sources */,
				8984D12C2620CE2200C65994 /* Frameworks */,
				8984D12D2620CE2200C65994 /* Resources */,
			);
			buildRules = (
			);
			dependencies = (
			);
			name = GoldenAger;
			productName = GoldenAger;
			productReference = 8984D12F2620CE2200C65994 /* GoldenAger.app */;
			productType = "com.apple.product-type.application";
		};
		8984D1442620CE2900C65994 /* GoldenAgerTests */ = {
			isa = PBXNativeTarget;
			buildConfigurationList = 8984D15C2620CE2900C65994 /* Build configuration list for PBXNativeTarget "GoldenAgerTests" */;
			buildPhases = (
				8984D1412620CE2900C65994 /* Sources */,
				8984D1422620CE2900C65994 /* Frameworks */,
				8984D1432620CE2900C65994 /* Resources */,
			);
			buildRules = (
			);
			dependencies = (
				8984D1472620CE2900C65994 /* PBXTargetDependency */,
			);
			name = GoldenAgerTests;
			productName = GoldenAgerTests;
			productReference = 8984D1452620CE2900C65994 /* GoldenAgerTests.xctest */;
			productType = "com.apple.product-type.bundle.unit-test";
		};
		8984D14F2620CE2900C65994 /* GoldenAgerUITests */ = {
			isa = PBXNativeTarget;
			buildConfigurationList = 8984D15F2620CE2900C65994 /* Build configuration list for PBXNativeTarget "GoldenAgerUITests" */;
			buildPhases = (
				8984D14C2620CE2900C65994 /* Sources */,
				8984D14D2620CE2900C65994 /* Frameworks */,
				8984D14E2620CE2900C65994 /* Resources */,
			);
			buildRules = (
			);
			dependencies = (
				8984D1522620CE2900C65994 /* PBXTargetDependency */,
			);
			name = GoldenAgerUITests;
			productName = GoldenAgerUITests;
			productReference = 8984D1502620CE2900C65994 /* GoldenAgerUITests.xctest */;
			productType = "com.apple.product-type.bundle.ui-testing";
		};
/* End PBXNativeTarget section */

/* Begin PBXProject section */
		8984D1272620CE2100C65994 /* Project object */ = {
			isa = PBXProject;
			attributes = {
				LastSwiftUpdateCheck = 1240;
				LastUpgradeCheck = 1240;
				TargetAttributes = {
					8984D12E2620CE2200C65994 = {
						CreatedOnToolsVersion = 12.4;
					};
					8984D1442620CE2900C65994 = {
						CreatedOnToolsVersion = 12.4;
						TestTargetID = 8984D12E2620CE2200C65994;
					};
					8984D14F2620CE2900C65994 = {
						CreatedOnToolsVersion = 12.4;
						TestTargetID = 8984D12E2620CE2200C65994;
					};
				};
			};
			buildConfigurationList = 8984D12A2620CE2100C65994 /* Build configuration list for PBXProject "GoldenAger" */;
			compatibilityVersion = "Xcode 9.3";
			developmentRegion = en;
			hasScannedForEncodings = 0;
			knownRegions = (
				en,
				Base,
			);
			mainGroup = 8984D1262620CE2100C65994;
			productRefGroup = 8984D1302620CE2200C65994 /* Products */;
			projectDirPath = "";
			projectRoot = "";
			targets = (
				8984D12E2620CE2200C65994 /* GoldenAger */,
				8984D1442620CE2900C65994 /* GoldenAgerTests */,
				8984D14F2620CE2900C65994 /* GoldenAgerUITests */,
			);
		};
/* End PBXProject section */

/* Begin PBXResourcesBuildPhase section */
		8984D12D2620CE2200C65994 /* Resources */ = {
			isa = PBXResourcesBuildPhase;
			buildActionMask = 2147483647;
			files = (
				8984D13F2620CE2900C65994 /* LaunchScreen.storyboard in Resources */,
				8984D13C2620CE2900C65994 /* Assets.xcassets in Resources */,
				8984D13A2620CE2200C65994 /* Main.storyboard in Resources */,
				8984D1692620D96700C65994 /* Fonts in Resources */,
			);
			runOnlyForDeploymentPostprocessing = 0;
		};
		8984D1432620CE2900C65994 /* Resources */ = {
			isa = PBXResourcesBuildPhase;
			buildActionMask = 2147483647;
			files = (
			);
			runOnlyForDeploymentPostprocessing = 0;
		};
		8984D14E2620CE2900C65994 /* Resources */ = {
			isa = PBXResourcesBuildPhase;
			buildActionMask = 2147483647;
			files = (
			);
			runOnlyForDeploymentPostprocessing = 0;
		};
/* End PBXResourcesBuildPhase section */

/* Begin PBXSourcesBuildPhase section */
		8984D12B2620CE2200C65994 /* Sources */ = {
			isa = PBXSourcesBuildPhase;
			buildActionMask = 2147483647;
			files = (
				8984D1372620CE2200C65994 /* ViewController.swift in Sources */,
				8984D1332620CE2200C65994 /* AppDelegate.swift in Sources */,
				8984D1352620CE2200C65994 /* SceneDelegate.swift in Sources */,
			);
			runOnlyForDeploymentPostprocessing = 0;
		};
		8984D1412620CE2900C65994 /* Sources */ = {
			isa = PBXSourcesBuildPhase;
			buildActionMask = 2147483647;
			files = (
				8984D14A2620CE2900C65994 /* GoldenAgerTests.swift in Sources */,
			);
			runOnlyForDeploymentPostprocessing = 0;
		};
		8984D14C2620CE2900C65994 /* Sources */ = {
			isa = PBXSourcesBuildPhase;
			buildActionMask = 2147483647;
			files = (
				8984D1552620CE2900C65994 /* GoldenAgerUITests.swift in Sources */,
			);
			runOnlyForDeploymentPostprocessing = 0;
		};
/* End PBXSourcesBuildPhase section */

/* Begin PBXTargetDependency section */
		8984D1472620CE2900C65994 /* PBXTargetDependency */ = {
			isa = PBXTargetDependency;
			target = 8984D12E2620CE2200C65994 /* GoldenAger */;
			targetProxy = 8984D1462620CE2900C65994 /* PBXContainerItemProxy */;
		};
		8984D1522620CE2900C65994 /* PBXTargetDependency */ = {
			isa = PBXTargetDependency;
			target = 8984D12E2620CE2200C65994 /* GoldenAger */;
			targetProxy = 8984D1512620CE2900C65994 /* PBXContainerItemProxy */;
		};
/* End PBXTargetDependency section */

/* Begin PBXVariantGroup section */
		8984D1382620CE2200C65994 /* Main.storyboard */ = {
			isa = PBXVariantGroup;
			children = (
				8984D1392620CE2200C65994 /* Base */,
			);
			name = Main.storyboard;
			sourceTree = "<group>";
			usesTabs = 0;
		};
		8984D13D2620CE2900C65994 /* LaunchScreen.storyboard */ = {
			isa = PBXVariantGroup;
			children = (
				8984D13E2620CE2900C65994 /* Base */,
			);
			name = LaunchScreen.storyboard;
			sourceTree = "<group>";
		};
/* End PBXVariantGroup section */

/* Begin XCBuildConfiguration section */
		8984D1572620CE2900C65994 /* Debug */ = {
			isa = XCBuildConfiguration;
			buildSettings = {
				ALWAYS_SEARCH_USER_PATHS = NO;
				CLANG_ANALYZER_NONNULL = YES;
				CLANG_ANALYZER_NUMBER_OBJECT_CONVERSION = YES_AGGRESSIVE;
				CLANG_CXX_LANGUAGE_STANDARD = "gnu++14";
				CLANG_CXX_LIBRARY = "libc++";
				CLANG_ENABLE_MODULES = YES;
				CLANG_ENABLE_OBJC_ARC = YES;
				CLANG_ENABLE_OBJC_WEAK = YES;
				CLANG_WARN_BLOCK_CAPTURE_AUTORELEASING = YES;
				CLANG_WARN_BOOL_CONVERSION = YES;
				CLANG_WARN_COMMA = YES;
				CLANG_WARN_CONSTANT_CONVERSION = YES;
				CLANG_WARN_DEPRECATED_OBJC_IMPLEMENTATIONS = YES;
				CLANG_WARN_DIRECT_OBJC_ISA_USAGE = YES_ERROR;
				CLANG_WARN_DOCUMENTATION_COMMENTS = YES;
				CLANG_WARN_EMPTY_BODY = YES;
				CLANG_WARN_ENUM_CONVERSION = YES;
				CLANG_WARN_INFINITE_RECURSION = YES;
				CLANG_WARN_INT_CONVERSION = YES;
				CLANG_WARN_NON_LITERAL_NULL_CONVERSION = YES;
				CLANG_WARN_OBJC_IMPLICIT_RETAIN_SELF = YES;
				CLANG_WARN_OBJC_LITERAL_CONVERSION = YES;
				CLANG_WARN_OBJC_ROOT_CLASS = YES_ERROR;
				CLANG_WARN_QUOTED_INCLUDE_IN_FRAMEWORK_HEADER = YES;
				CLANG_WARN_RANGE_LOOP_ANALYSIS = YES;
				CLANG_WARN_STRICT_PROTOTYPES = YES;
				CLANG_WARN_SUSPICIOUS_MOVE = YES;
				CLANG_WARN_UNGUARDED_AVAILABILITY = YES_AGGRESSIVE;
				CLANG_WARN_UNREACHABLE_CODE = YES;
				CLANG_WARN__DUPLICATE_METHOD_MATCH = YES;
				COPY_PHASE_STRIP = NO;
				DEBUG_INFORMATION_FORMAT = dwarf;
				ENABLE_STRICT_OBJC_MSGSEND = YES;
				ENABLE_TESTABILITY = YES;
				GCC_C_LANGUAGE_STANDARD = gnu11;
				GCC_DYNAMIC_NO_PIC = NO;
				GCC_NO_COMMON_BLOCKS = YES;
				GCC_OPTIMIZATION_LEVEL = 0;
				GCC_PREPROCESSOR_DEFINITIONS = (
					"DEBUG=1",
					"$(inherited)",
				);
				GCC_WARN_64_TO_32_BIT_CONVERSION = YES;
				GCC_WARN_ABOUT_RETURN_TYPE = YES_ERROR;
				GCC_WARN_UNDECLARED_SELECTOR = YES;
				GCC_WARN_UNINITIALIZED_AUTOS = YES_AGGRESSIVE;
				GCC_WARN_UNUSED_FUNCTION = YES;
				GCC_WARN_UNUSED_VARIABLE = YES;
				IPHONEOS_DEPLOYMENT_TARGET = 14.4;
				MTL_ENABLE_DEBUG_INFO = INCLUDE_SOURCE;
				MTL_FAST_MATH = YES;
				ONLY_ACTIVE_ARCH = YES;
				SDKROOT = iphoneos;
				SWIFT_ACTIVE_COMPILATION_CONDITIONS = DEBUG;
				SWIFT_OPTIMIZATION_LEVEL = "-Onone";
			};
			name = Debug;
		};
		8984D1582620CE2900C65994 /* Release */ = {
			isa = XCBuildConfiguration;
			buildSettings = {
				ALWAYS_SEARCH_USER_PATHS = NO;
				CLANG_ANALYZER_NONNULL = YES;
				CLANG_ANALYZER_NUMBER_OBJECT_CONVERSION = YES_AGGRESSIVE;
				CLANG_CXX_LANGUAGE_STANDARD = "gnu++14";
				CLANG_CXX_LIBRARY = "libc++";
				CLANG_ENABLE_MODULES = YES;
				CLANG_ENABLE_OBJC_ARC = YES;
				CLANG_ENABLE_OBJC_WEAK = YES;
				CLANG_WARN_BLOCK_CAPTURE_AUTORELEASING = YES;
				CLANG_WARN_BOOL_CONVERSION = YES;
				CLANG_WARN_COMMA = YES;
				CLANG_WARN_CONSTANT_CONVERSION = YES;
				CLANG_WARN_DEPRECATED_OBJC_IMPLEMENTATIONS = YES;
				CLANG_WARN_DIRECT_OBJC_ISA_USAGE = YES_ERROR;
				CLANG_WARN_DOCUMENTATION_COMMENTS = YES;
				CLANG_WARN_EMPTY_BODY = YES;
				CLANG_WARN_ENUM_CONVERSION = YES;
				CLANG_WARN_INFINITE_RECURSION = YES;
				CLANG_WARN_INT_CONVERSION = YES;
				CLANG_WARN_NON_LITERAL_NULL_CONVERSION = YES;
				CLANG_WARN_OBJC_IMPLICIT_RETAIN_SELF = YES;
				CLANG_WARN_OBJC_LITERAL_CONVERSION = YES;
				CLANG_WARN_OBJC_ROOT_CLASS = YES_ERROR;
				CLANG_WARN_QUOTED_INCLUDE_IN_FRAMEWORK_HEADER = YES;
				CLANG_WARN_RANGE_LOOP_ANALYSIS = YES;
				CLANG_WARN_STRICT_PROTOTYPES = YES;
				CLANG_WARN_SUSPICIOUS_MOVE = YES;
				CLANG_WARN_UNGUARDED_AVAILABILITY = YES_AGGRESSIVE;
				CLANG_WARN_UNREACHABLE_CODE = YES;
				CLANG_WARN__DUPLICATE_METHOD_MATCH = YES;
				COPY_PHASE_STRIP = NO;
				DEBUG_INFORMATION_FORMAT = "dwarf-with-dsym";
				ENABLE_NS_ASSERTIONS = NO;
				ENABLE_STRICT_OBJC_MSGSEND = YES;
				GCC_C_LANGUAGE_STANDARD = gnu11;
				GCC_NO_COMMON_BLOCKS = YES;
				GCC_WARN_64_TO_32_BIT_CONVERSION = YES;
				GCC_WARN_ABOUT_RETURN_TYPE = YES_ERROR;
				GCC_WARN_UNDECLARED_SELECTOR = YES;
				GCC_WARN_UNINITIALIZED_AUTOS = YES_AGGRESSIVE;
				GCC_WARN_UNUSED_FUNCTION = YES;
				GCC_WARN_UNUSED_VARIABLE = YES;
				IPHONEOS_DEPLOYMENT_TARGET = 14.4;
				MTL_ENABLE_DEBUG_INFO = NO;
				MTL_FAST_MATH = YES;
				SDKROOT = iphoneos;
				SWIFT_COMPILATION_MODE = wholemodule;
				SWIFT_OPTIMIZATION_LEVEL = "-O";
				VALIDATE_PRODUCT = YES;
			};
			name = Release;
		};
		8984D15A2620CE2900C65994 /* Debug */ = {
			isa = XCBuildConfiguration;
			buildSettings = {
				ASSETCATALOG_COMPILER_APPICON_NAME = AppIcon;
				ASSETCATALOG_COMPILER_GLOBAL_ACCENT_COLOR_NAME = AccentColor;
				CODE_SIGN_STYLE = Automatic;
				DEVELOPMENT_TEAM = C88Y3LP95D;
				INFOPLIST_FILE = GoldenAger/Info.plist;
				LD_RUNPATH_SEARCH_PATHS = (
					"$(inherited)",
					"@executable_path/Frameworks",
				);
				PRODUCT_BUNDLE_IDENTIFIER = sofixeno.GoldenAger;
				PRODUCT_NAME = "$(TARGET_NAME)";
				SWIFT_VERSION = 5.0;
				TARGETED_DEVICE_FAMILY = "1,2";
			};
			name = Debug;
		};
		8984D15B2620CE2900C65994 /* Release */ = {
			isa = XCBuildConfiguration;
			buildSettings = {
				ASSETCATALOG_COMPILER_APPICON_NAME = AppIcon;
				ASSETCATALOG_COMPILER_GLOBAL_ACCENT_COLOR_NAME = AccentColor;
				CODE_SIGN_STYLE = Automatic;
				DEVELOPMENT_TEAM = C88Y3LP95D;
				INFOPLIST_FILE = GoldenAger/Info.plist;
				LD_RUNPATH_SEARCH_PATHS = (
					"$(inherited)",
					"@executable_path/Frameworks",
				);
				PRODUCT_BUNDLE_IDENTIFIER = sofixeno.GoldenAger;
				PRODUCT_NAME = "$(TARGET_NAME)";
				SWIFT_VERSION = 5.0;
				TARGETED_DEVICE_FAMILY = "1,2";
			};
			name = Release;
		};
		8984D15D2620CE2900C65994 /* Debug */ = {
			isa = XCBuildConfiguration;
			buildSettings = {
				ALWAYS_EMBED_SWIFT_STANDARD_LIBRARIES = YES;
				BUNDLE_LOADER = "$(TEST_HOST)";
				CODE_SIGN_STYLE = Automatic;
				DEVELOPMENT_TEAM = C88Y3LP95D;
				INFOPLIST_FILE = GoldenAgerTests/Info.plist;
				IPHONEOS_DEPLOYMENT_TARGET = 14.4;
				LD_RUNPATH_SEARCH_PATHS = (
					"$(inherited)",
					"@executable_path/Frameworks",
					"@loader_path/Frameworks",
				);
				PRODUCT_BUNDLE_IDENTIFIER = sofixeno.GoldenAgerTests;
				PRODUCT_NAME = "$(TARGET_NAME)";
				SWIFT_VERSION = 5.0;
				TARGETED_DEVICE_FAMILY = "1,2";
				TEST_HOST = "$(BUILT_PRODUCTS_DIR)/GoldenAger.app/GoldenAger";
			};
			name = Debug;
		};
		8984D15E2620CE2900C65994 /* Release */ = {
			isa = XCBuildConfiguration;
			buildSettings = {
				ALWAYS_EMBED_SWIFT_STANDARD_LIBRARIES = YES;
				BUNDLE_LOADER = "$(TEST_HOST)";
				CODE_SIGN_STYLE = Automatic;
				DEVELOPMENT_TEAM = C88Y3LP95D;
				INFOPLIST_FILE = GoldenAgerTests/Info.plist;
				IPHONEOS_DEPLOYMENT_TARGET = 14.4;
				LD_RUNPATH_SEARCH_PATHS = (
					"$(inherited)",
					"@executable_path/Frameworks",
					"@loader_path/Frameworks",
				);
				PRODUCT_BUNDLE_IDENTIFIER = sofixeno.GoldenAgerTests;
				PRODUCT_NAME = "$(TARGET_NAME)";
				SWIFT_VERSION = 5.0;
				TARGETED_DEVICE_FAMILY = "1,2";
				TEST_HOST = "$(BUILT_PRODUCTS_DIR)/GoldenAger.app/GoldenAger";
			};
			name = Release;
		};
		8984D1602620CE2900C65994 /* Debug */ = {
			isa = XCBuildConfiguration;
			buildSettings = {
				ALWAYS_EMBED_SWIFT_STANDARD_LIBRARIES = YES;
				CODE_SIGN_STYLE = Automatic;
				DEVELOPMENT_TEAM = C88Y3LP95D;
				INFOPLIST_FILE = GoldenAgerUITests/Info.plist;
				LD_RUNPATH_SEARCH_PATHS = (
					"$(inherited)",
					"@executable_path/Frameworks",
					"@loader_path/Frameworks",
				);
				PRODUCT_BUNDLE_IDENTIFIER = sofixeno.GoldenAgerUITests;
				PRODUCT_NAME = "$(TARGET_NAME)";
				SWIFT_VERSION = 5.0;
				TARGETED_DEVICE_FAMILY = "1,2";
				TEST_TARGET_NAME = GoldenAger;
			};
			name = Debug;
		};
		8984D1612620CE2900C65994 /* Release */ = {
			isa = XCBuildConfiguration;
			buildSettings = {
				ALWAYS_EMBED_SWIFT_STANDARD_LIBRARIES = YES;
				CODE_SIGN_STYLE = Automatic;
				DEVELOPMENT_TEAM = C88Y3LP95D;
				INFOPLIST_FILE = GoldenAgerUITests/Info.plist;
				LD_RUNPATH_SEARCH_PATHS = (
					"$(inherited)",
					"@executable_path/Frameworks",
					"@loader_path/Frameworks",
				);
				PRODUCT_BUNDLE_IDENTIFIER = sofixeno.GoldenAgerUITests;
				PRODUCT_NAME = "$(TARGET_NAME)";
				SWIFT_VERSION = 5.0;
				TARGETED_DEVICE_FAMILY = "1,2";
				TEST_TARGET_NAME = GoldenAger;
			};
			name = Release;
		};
/* End XCBuildConfiguration section */

/* Begin XCConfigurationList section */
		8984D12A2620CE2100C65994 /* Build configuration list for PBXProject "GoldenAger" */ = {
			isa = XCConfigurationList;
			buildConfigurations = (
				8984D1572620CE2900C65994 /* Debug */,
				8984D1582620CE2900C65994 /* Release */,
			);
			defaultConfigurationIsVisible = 0;
			defaultConfigurationName = Release;
		};
		8984D1592620CE2900C65994 /* Build configuration list for PBXNativeTarget "GoldenAger" */ = {
			isa = XCConfigurationList;
			buildConfigurations = (
				8984D15A2620CE2900C65994 /* Debug */,
				8984D15B2620CE2900C65994 /* Release */,
			);
			defaultConfigurationIsVisible = 0;
			defaultConfigurationName = Release;
		};
		8984D15C2620CE2900C65994 /* Build configuration list for PBXNativeTarget "GoldenAgerTests" */ = {
			isa = XCConfigurationList;
			buildConfigurations = (
				8984D15D2620CE2900C65994 /* Debug */,
				8984D15E2620CE2900C65994 /* Release */,
			);
			defaultConfigurationIsVisible = 0;
			defaultConfigurationName = Release;
		};
		8984D15F2620CE2900C65994 /* Build configuration list for PBXNativeTarget "GoldenAgerUITests" */ = {
			isa = XCConfigurationList;
			buildConfigurations = (
				8984D1602620CE2900C65994 /* Debug */,
				8984D1612620CE2900C65994 /* Release */,
			);
			defaultConfigurationIsVisible = 0;
			defaultConfigurationName = Release;
		};
/* End XCConfigurationList section */
	};
	rootObject = 8984D1272620CE2100C65994 /* Project object */;
}
