// !$*UTF8*$!
{
	archiveVersion = 1;
	classes = {
	};
	objectVersion = 51;
	objects = {

/* Begin PBXBuildFile section */
		892A65A226442811006DA1DE /* BalsamiqSans-Regular.ttf in Resources */ = {isa = PBXBuildFile; fileRef = 892A659C2644273B006DA1DE /* BalsamiqSans-Regular.ttf */; };
		892A65A626442818006DA1DE /* Inter-VariableFont_slnt,wght.ttf in Resources */ = {isa = PBXBuildFile; fileRef = 892A659E2644273B006DA1DE /* Inter-VariableFont_slnt,wght.ttf */; };
		892A65A72644281B006DA1DE /* PlayfairDisplay-VariableFont_wght.ttf in Resources */ = {isa = PBXBuildFile; fileRef = 892A659B2644273B006DA1DE /* PlayfairDisplay-VariableFont_wght.ttf */; };
		892A65A82644281D006DA1DE /* YesevaOne-Regular.ttf in Resources */ = {isa = PBXBuildFile; fileRef = 892A659D2644273B006DA1DE /* YesevaOne-Regular.ttf */; };
		896327B0264C11CF005394B0 /* RegistrationViewController.swift in Sources */ = {isa = PBXBuildFile; fileRef = 896327AF264C11CE005394B0 /* RegistrationViewController.swift */; };
		896327CA264C5D49005394B0 /* BirthdayViewController.swift in Sources */ = {isa = PBXBuildFile; fileRef = 896327C9264C5D48005394B0 /* BirthdayViewController.swift */; };
		896327CF264C620E005394B0 /* OrganizationViewController.swift in Sources */ = {isa = PBXBuildFile; fileRef = 896327CE264C620E005394B0 /* OrganizationViewController.swift */; };
		896327D4264C67DC005394B0 /* NameViewController.swift in Sources */ = {isa = PBXBuildFile; fileRef = 896327D3264C67DC005394B0 /* NameViewController.swift */; };
		896327D9264C7007005394B0 /* QAViewController.swift in Sources */ = {isa = PBXBuildFile; fileRef = 896327D8264C7007005394B0 /* QAViewController.swift */; };
		896327DE264C7030005394B0 /* SurnameViewController.swift in Sources */ = {isa = PBXBuildFile; fileRef = 896327DD264C7030005394B0 /* SurnameViewController.swift */; };
		896327E3264C7081005394B0 /* Birthday2ViewController.swift in Sources */ = {isa = PBXBuildFile; fileRef = 896327E2264C7081005394B0 /* Birthday2ViewController.swift */; };
		896327E8264C70C9005394B0 /* PhoneViewController.swift in Sources */ = {isa = PBXBuildFile; fileRef = 896327E7264C70C9005394B0 /* PhoneViewController.swift */; };
		8984D1332620CE2200C65994 /* AppDelegate.swift in Sources */ = {isa = PBXBuildFile; fileRef = 8984D1322620CE2200C65994 /* AppDelegate.swift */; };
		8984D1352620CE2200C65994 /* SceneDelegate.swift in Sources */ = {isa = PBXBuildFile; fileRef = 8984D1342620CE2200C65994 /* SceneDelegate.swift */; };
		8984D1372620CE2200C65994 /* ViewController.swift in Sources */ = {isa = PBXBuildFile; fileRef = 8984D1362620CE2200C65994 /* ViewController.swift */; };
		8984D13A2620CE2200C65994 /* Main.storyboard in Resources */ = {isa = PBXBuildFile; fileRef = 8984D1382620CE2200C65994 /* Main.storyboard */; };
		8984D13C2620CE2900C65994 /* Assets.xcassets in Resources */ = {isa = PBXBuildFile; fileRef = 8984D13B2620CE2900C65994 /* Assets.xcassets */; };
		8984D13F2620CE2900C65994 /* LaunchScreen.storyboard in Resources */ = {isa = PBXBuildFile; fileRef = 8984D13D2620CE2900C65994 /* LaunchScreen.storyboard */; };
		8984D14A2620CE2900C65994 /* GoldenAgerTests.swift in Sources */ = {isa = PBXBuildFile; fileRef = 8984D1492620CE2900C65994 /* GoldenAgerTests.swift */; };
		8984D1552620CE2900C65994 /* GoldenAgerUITests.swift in Sources */ = {isa = PBXBuildFile; fileRef = 8984D1542620CE2900C65994 /* GoldenAgerUITests.swift */; };
		89896C79264AFD4500047CD4 /* Utilities.swift in Sources */ = {isa = PBXBuildFile; fileRef = 89896C78264AFD4500047CD4 /* Utilities.swift */; };
		89896C81264B197F00047CD4 /* LoginViewController.swift in Sources */ = {isa = PBXBuildFile; fileRef = 89896C80264B197F00047CD4 /* LoginViewController.swift */; };
		89A4777226482C1F00E88343 /* Pensioner.storyboard in Resources */ = {isa = PBXBuildFile; fileRef = 89A4777126482C1F00E88343 /* Pensioner.storyboard */; };
		89A4777A26482C7800E88343 /* Volunteer.storyboard in Resources */ = {isa = PBXBuildFile; fileRef = 89A4777926482C7800E88343 /* Volunteer.storyboard */; };
		89C222C5264ABFC9002A93FD /* UserRouter.swift in Sources */ = {isa = PBXBuildFile; fileRef = 89C222C4264ABFC9002A93FD /* UserRouter.swift */; };
		89C222CA264ABFDB002A93FD /* CategoryRouter.swift in Sources */ = {isa = PBXBuildFile; fileRef = 89C222C9264ABFDB002A93FD /* CategoryRouter.swift */; };
		89C222CF264ABFE6002A93FD /* TaskRouter.swift in Sources */ = {isa = PBXBuildFile; fileRef = 89C222CE264ABFE6002A93FD /* TaskRouter.swift */; };
		89C222E3264ACBF3002A93FD /* User.swift in Sources */ = {isa = PBXBuildFile; fileRef = 89C222E2264ACBF3002A93FD /* User.swift */; };
		89C222EB264ACC03002A93FD /* Category.swift in Sources */ = {isa = PBXBuildFile; fileRef = 89C222EA264ACC03002A93FD /* Category.swift */; };
		89C222F0264ACC10002A93FD /* Task.swift in Sources */ = {isa = PBXBuildFile; fileRef = 89C222EF264ACC10002A93FD /* Task.swift */; };
		8E8611045A909E23E906E224 /* Pods_GoldenAger.framework in Frameworks */ = {isa = PBXBuildFile; fileRef = DECB5AE32C25B4E72C873821 /* Pods_GoldenAger.framework */; };
		FA5FF108F03F8D0B6D5CBC8C /* Pods_GoldenAgerTests.framework in Frameworks */ = {isa = PBXBuildFile; fileRef = 23C02FBA4092B14B48AE2F02 /* Pods_GoldenAgerTests.framework */; };
		FE62A58DF1901861AD7CEC6E /* Pods_GoldenAger_GoldenAgerUITests.framework in Frameworks */ = {isa = PBXBuildFile; fileRef = FF8CE197CFB7D9C37E9101A4 /* Pods_GoldenAger_GoldenAgerUITests.framework */; };
/* End PBXBuildFile section */

/* Begin PBXContainerItemProxy section */
		8984D1462620CE2900C65994 /* PBXContainerItemProxy */ = {
			isa = PBXContainerItemProxy;
			containerPortal = 8984D1272620CE2100C65994 /* Project object */;
			proxyType = 1;
			remoteGlobalIDString = 8984D12E2620CE2200C65994;
			remoteInfo = GoldenAger;
		};
		8984D1512620CE2900C65994 /* PBXContainerItemProxy */ = {
			isa = PBXContainerItemProxy;
			containerPortal = 8984D1272620CE2100C65994 /* Project object */;
			proxyType = 1;
			remoteGlobalIDString = 8984D12E2620CE2200C65994;
			remoteInfo = GoldenAger;
		};
/* End PBXContainerItemProxy section */

/* Begin PBXFileReference section */
		19CA77D991E6350A8AEE4219 /* Pods-GoldenAger-GoldenAgerUITests.debug.xcconfig */ = {isa = PBXFileReference; includeInIndex = 1; lastKnownFileType = text.xcconfig; name = "Pods-GoldenAger-GoldenAgerUITests.debug.xcconfig"; path = "Target Support Files/Pods-GoldenAger-GoldenAgerUITests/Pods-GoldenAger-GoldenAgerUITests.debug.xcconfig"; sourceTree = "<group>"; };
		1A7AD87D88492071613FA56E /* Pods-GoldenAger.debug.xcconfig */ = {isa = PBXFileReference; includeInIndex = 1; lastKnownFileType = text.xcconfig; name = "Pods-GoldenAger.debug.xcconfig"; path = "Target Support Files/Pods-GoldenAger/Pods-GoldenAger.debug.xcconfig"; sourceTree = "<group>"; };
		23C02FBA4092B14B48AE2F02 /* Pods_GoldenAgerTests.framework */ = {isa = PBXFileReference; explicitFileType = wrapper.framework; includeInIndex = 0; path = Pods_GoldenAgerTests.framework; sourceTree = BUILT_PRODUCTS_DIR; };
		56F41406469183380148925D /* Pods-GoldenAger-GoldenAgerUITests.release.xcconfig */ = {isa = PBXFileReference; includeInIndex = 1; lastKnownFileType = text.xcconfig; name = "Pods-GoldenAger-GoldenAgerUITests.release.xcconfig"; path = "Target Support Files/Pods-GoldenAger-GoldenAgerUITests/Pods-GoldenAger-GoldenAgerUITests.release.xcconfig"; sourceTree = "<group>"; };
		892A659B2644273B006DA1DE /* PlayfairDisplay-VariableFont_wght.ttf */ = {isa = PBXFileReference; lastKnownFileType = file; path = "PlayfairDisplay-VariableFont_wght.ttf"; sourceTree = "<group>"; };
		892A659C2644273B006DA1DE /* BalsamiqSans-Regular.ttf */ = {isa = PBXFileReference; lastKnownFileType = file; path = "BalsamiqSans-Regular.ttf"; sourceTree = "<group>"; };
		892A659D2644273B006DA1DE /* YesevaOne-Regular.ttf */ = {isa = PBXFileReference; lastKnownFileType = file; path = "YesevaOne-Regular.ttf"; sourceTree = "<group>"; };
		892A659E2644273B006DA1DE /* Inter-VariableFont_slnt,wght.ttf */ = {isa = PBXFileReference; lastKnownFileType = file; path = "Inter-VariableFont_slnt,wght.ttf"; sourceTree = "<group>"; };
		896327AF264C11CE005394B0 /* RegistrationViewController.swift */ = {isa = PBXFileReference; lastKnownFileType = sourcecode.swift; path = RegistrationViewController.swift; sourceTree = "<group>"; };
		896327C9264C5D48005394B0 /* BirthdayViewController.swift */ = {isa = PBXFileReference; lastKnownFileType = sourcecode.swift; path = BirthdayViewController.swift; sourceTree = "<group>"; };
		896327CE264C620E005394B0 /* OrganizationViewController.swift */ = {isa = PBXFileReference; lastKnownFileType = sourcecode.swift; path = OrganizationViewController.swift; sourceTree = "<group>"; };
		896327D3264C67DC005394B0 /* NameViewController.swift */ = {isa = PBXFileReference; lastKnownFileType = sourcecode.swift; path = NameViewController.swift; sourceTree = "<group>"; };
		896327D8264C7007005394B0 /* QAViewController.swift */ = {isa = PBXFileReference; lastKnownFileType = sourcecode.swift; path = QAViewController.swift; sourceTree = "<group>"; };
		896327DD264C7030005394B0 /* SurnameViewController.swift */ = {isa = PBXFileReference; lastKnownFileType = sourcecode.swift; path = SurnameViewController.swift; sourceTree = "<group>"; };
		896327E2264C7081005394B0 /* Birthday2ViewController.swift */ = {isa = PBXFileReference; lastKnownFileType = sourcecode.swift; path = Birthday2ViewController.swift; sourceTree = "<group>"; };
		896327E7264C70C9005394B0 /* PhoneViewController.swift */ = {isa = PBXFileReference; lastKnownFileType = sourcecode.swift; path = PhoneViewController.swift; sourceTree = "<group>"; };
		8984D12F2620CE2200C65994 /* GoldenAger.app */ = {isa = PBXFileReference; explicitFileType = wrapper.application; includeInIndex = 0; path = GoldenAger.app; sourceTree = BUILT_PRODUCTS_DIR; };
		8984D1322620CE2200C65994 /* AppDelegate.swift */ = {isa = PBXFileReference; lastKnownFileType = sourcecode.swift; path = AppDelegate.swift; sourceTree = "<group>"; };
		8984D1342620CE2200C65994 /* SceneDelegate.swift */ = {isa = PBXFileReference; lastKnownFileType = sourcecode.swift; path = SceneDelegate.swift; sourceTree = "<group>"; };
		8984D1362620CE2200C65994 /* ViewController.swift */ = {isa = PBXFileReference; lastKnownFileType = sourcecode.swift; path = ViewController.swift; sourceTree = "<group>"; };
		8984D1392620CE2200C65994 /* Base */ = {isa = PBXFileReference; lastKnownFileType = file.storyboard; name = Base; path = Base.lproj/Main.storyboard; sourceTree = "<group>"; };
		8984D13B2620CE2900C65994 /* Assets.xcassets */ = {isa = PBXFileReference; lastKnownFileType = folder.assetcatalog; path = Assets.xcassets; sourceTree = "<group>"; };
		8984D13E2620CE2900C65994 /* Base */ = {isa = PBXFileReference; lastKnownFileType = file.storyboard; name = Base; path = Base.lproj/LaunchScreen.storyboard; sourceTree = "<group>"; };
		8984D1402620CE2900C65994 /* Info.plist */ = {isa = PBXFileReference; lastKnownFileType = text.plist.xml; path = Info.plist; sourceTree = "<group>"; };
		8984D1452620CE2900C65994 /* GoldenAgerTests.xctest */ = {isa = PBXFileReference; explicitFileType = wrapper.cfbundle; includeInIndex = 0; path = GoldenAgerTests.xctest; sourceTree = BUILT_PRODUCTS_DIR; };
		8984D1492620CE2900C65994 /* GoldenAgerTests.swift */ = {isa = PBXFileReference; lastKnownFileType = sourcecode.swift; path = GoldenAgerTests.swift; sourceTree = "<group>"; };
		8984D14B2620CE2900C65994 /* Info.plist */ = {isa = PBXFileReference; lastKnownFileType = text.plist.xml; path = Info.plist; sourceTree = "<group>"; };
		8984D1502620CE2900C65994 /* GoldenAgerUITests.xctest */ = {isa = PBXFileReference; explicitFileType = wrapper.cfbundle; includeInIndex = 0; path = GoldenAgerUITests.xctest; sourceTree = BUILT_PRODUCTS_DIR; };
		8984D1542620CE2900C65994 /* GoldenAgerUITests.swift */ = {isa = PBXFileReference; lastKnownFileType = sourcecode.swift; path = GoldenAgerUITests.swift; sourceTree = "<group>"; };
		8984D1562620CE2900C65994 /* Info.plist */ = {isa = PBXFileReference; lastKnownFileType = text.plist.xml; path = Info.plist; sourceTree = "<group>"; };
		89896C78264AFD4500047CD4 /* Utilities.swift */ = {isa = PBXFileReference; lastKnownFileType = sourcecode.swift; path = Utilities.swift; sourceTree = "<group>"; };
		89896C80264B197F00047CD4 /* LoginViewController.swift */ = {isa = PBXFileReference; lastKnownFileType = sourcecode.swift; path = LoginViewController.swift; sourceTree = "<group>"; };
		89A4777126482C1F00E88343 /* Pensioner.storyboard */ = {isa = PBXFileReference; lastKnownFileType = file.storyboard; path = Pensioner.storyboard; sourceTree = "<group>"; };
		89A4777926482C7800E88343 /* Volunteer.storyboard */ = {isa = PBXFileReference; lastKnownFileType = file.storyboard; path = Volunteer.storyboard; sourceTree = "<group>"; };
		89C222C4264ABFC9002A93FD /* UserRouter.swift */ = {isa = PBXFileReference; lastKnownFileType = sourcecode.swift; path = UserRouter.swift; sourceTree = "<group>"; };
		89C222C9264ABFDB002A93FD /* CategoryRouter.swift */ = {isa = PBXFileReference; lastKnownFileType = sourcecode.swift; path = CategoryRouter.swift; sourceTree = "<group>"; };
		89C222CE264ABFE6002A93FD /* TaskRouter.swift */ = {isa = PBXFileReference; lastKnownFileType = sourcecode.swift; path = TaskRouter.swift; sourceTree = "<group>"; };
		89C222E2264ACBF3002A93FD /* User.swift */ = {isa = PBXFileReference; lastKnownFileType = sourcecode.swift; path = User.swift; sourceTree = "<group>"; };
		89C222EA264ACC03002A93FD /* Category.swift */ = {isa = PBXFileReference; lastKnownFileType = sourcecode.swift; path = Category.swift; sourceTree = "<group>"; };
		89C222EF264ACC10002A93FD /* Task.swift */ = {isa = PBXFileReference; lastKnownFileType = sourcecode.swift; path = Task.swift; sourceTree = "<group>"; };
		8CAECE4EBBBCC44A7D75473C /* Pods-GoldenAgerTests.debug.xcconfig */ = {isa = PBXFileReference; includeInIndex = 1; lastKnownFileType = text.xcconfig; name = "Pods-GoldenAgerTests.debug.xcconfig"; path = "Target Support Files/Pods-GoldenAgerTests/Pods-GoldenAgerTests.debug.xcconfig"; sourceTree = "<group>"; };
		CFAC7FA06A05B987E6265077 /* Pods-GoldenAger.release.xcconfig */ = {isa = PBXFileReference; includeInIndex = 1; lastKnownFileType = text.xcconfig; name = "Pods-GoldenAger.release.xcconfig"; path = "Target Support Files/Pods-GoldenAger/Pods-GoldenAger.release.xcconfig"; sourceTree = "<group>"; };
		DECB5AE32C25B4E72C873821 /* Pods_GoldenAger.framework */ = {isa = PBXFileReference; explicitFileType = wrapper.framework; includeInIndex = 0; path = Pods_GoldenAger.framework; sourceTree = BUILT_PRODUCTS_DIR; };
		FF66115517494E697BE9BE3F /* Pods-GoldenAgerTests.release.xcconfig */ = {isa = PBXFileReference; includeInIndex = 1; lastKnownFileType = text.xcconfig; name = "Pods-GoldenAgerTests.release.xcconfig"; path = "Target Support Files/Pods-GoldenAgerTests/Pods-GoldenAgerTests.release.xcconfig"; sourceTree = "<group>"; };
		FF8CE197CFB7D9C37E9101A4 /* Pods_GoldenAger_GoldenAgerUITests.framework */ = {isa = PBXFileReference; explicitFileType = wrapper.framework; includeInIndex = 0; path = Pods_GoldenAger_GoldenAgerUITests.framework; sourceTree = BUILT_PRODUCTS_DIR; };
/* End PBXFileReference section */

/* Begin PBXFrameworksBuildPhase section */
		8984D12C2620CE2200C65994 /* Frameworks */ = {
			isa = PBXFrameworksBuildPhase;
			buildActionMask = 2147483647;
			files = (
				8E8611045A909E23E906E224 /* Pods_GoldenAger.framework in Frameworks */,
			);
			runOnlyForDeploymentPostprocessing = 0;
		};
		8984D1422620CE2900C65994 /* Frameworks */ = {
			isa = PBXFrameworksBuildPhase;
			buildActionMask = 2147483647;
			files = (
				FA5FF108F03F8D0B6D5CBC8C /* Pods_GoldenAgerTests.framework in Frameworks */,
			);
			runOnlyForDeploymentPostprocessing = 0;
		};
		8984D14D2620CE2900C65994 /* Frameworks */ = {
			isa = PBXFrameworksBuildPhase;
			buildActionMask = 2147483647;
			files = (
				FE62A58DF1901861AD7CEC6E /* Pods_GoldenAger_GoldenAgerUITests.framework in Frameworks */,
			);
			runOnlyForDeploymentPostprocessing = 0;
		};
/* End PBXFrameworksBuildPhase section */

/* Begin PBXGroup section */
		398DA5C6D7744E0B87C20158 /* Frameworks */ = {
			isa = PBXGroup;
			children = (
				DECB5AE32C25B4E72C873821 /* Pods_GoldenAger.framework */,
				FF8CE197CFB7D9C37E9101A4 /* Pods_GoldenAger_GoldenAgerUITests.framework */,
				23C02FBA4092B14B48AE2F02 /* Pods_GoldenAgerTests.framework */,
			);
			name = Frameworks;
			sourceTree = "<group>";
		};
		8984D1262620CE2100C65994 = {
			isa = PBXGroup;
			children = (
				8984D1312620CE2200C65994 /* GoldenAger */,
				8984D1482620CE2900C65994 /* GoldenAgerTests */,
				8984D1532620CE2900C65994 /* GoldenAgerUITests */,
				8984D1302620CE2200C65994 /* Products */,
				E284E697DC6AAED03E3592FD /* Pods */,
				398DA5C6D7744E0B87C20158 /* Frameworks */,
			);
			sourceTree = "<group>";
		};
		8984D1302620CE2200C65994 /* Products */ = {
			isa = PBXGroup;
			children = (
				8984D12F2620CE2200C65994 /* GoldenAger.app */,
				8984D1452620CE2900C65994 /* GoldenAgerTests.xctest */,
				8984D1502620CE2900C65994 /* GoldenAgerUITests.xctest */,
			);
			name = Products;
			sourceTree = "<group>";
		};
		8984D1312620CE2200C65994 /* GoldenAger */ = {
			isa = PBXGroup;
			children = (
				8984D1322620CE2200C65994 /* AppDelegate.swift */,
				8984D1342620CE2200C65994 /* SceneDelegate.swift */,
				8984D13B2620CE2900C65994 /* Assets.xcassets */,
				89896C77264AFD2600047CD4 /* Utils */,
				89C222C3264ABFB4002A93FD /* View-Model */,
				89AA3A452646A6FC0017FE5E /* Presentions(View) */,
				89AA3A442646A6E40017FE5E /* Model */,
				8984D1362620CE2200C65994 /* ViewController.swift */,
				8984D13D2620CE2900C65994 /* LaunchScreen.storyboard */,
				8984D1402620CE2900C65994 /* Info.plist */,
				89AA3A342645BB390017FE5E /* Fonts */,
			);
			path = GoldenAger;
			sourceTree = "<group>";
		};
		8984D1482620CE2900C65994 /* GoldenAgerTests */ = {
			isa = PBXGroup;
			children = (
				8984D1492620CE2900C65994 /* GoldenAgerTests.swift */,
				8984D14B2620CE2900C65994 /* Info.plist */,
			);
			path = GoldenAgerTests;
			sourceTree = "<group>";
		};
		8984D1532620CE2900C65994 /* GoldenAgerUITests */ = {
			isa = PBXGroup;
			children = (
				8984D1542620CE2900C65994 /* GoldenAgerUITests.swift */,
				8984D1562620CE2900C65994 /* Info.plist */,
			);
			path = GoldenAgerUITests;
			sourceTree = "<group>";
		};
		89896C77264AFD2600047CD4 /* Utils */ = {
			isa = PBXGroup;
			children = (
				89896C78264AFD4500047CD4 /* Utilities.swift */,
			);
			path = Utils;
			sourceTree = "<group>";
		};
		89896C95264B2B7F00047CD4 /* PensioneerViewControllers */ = {
			isa = PBXGroup;
			children = (
				896327D3264C67DC005394B0 /* NameViewController.swift */,
				896327D8264C7007005394B0 /* QAViewController.swift */,
				896327DD264C7030005394B0 /* SurnameViewController.swift */,
				896327E2264C7081005394B0 /* Birthday2ViewController.swift */,
				896327E7264C70C9005394B0 /* PhoneViewController.swift */,
			);
			path = PensioneerViewControllers;
			sourceTree = "<group>";
		};
		89AA3A342645BB390017FE5E /* Fonts */ = {
			isa = PBXGroup;
			children = (
				892A659C2644273B006DA1DE /* BalsamiqSans-Regular.ttf */,
				892A659E2644273B006DA1DE /* Inter-VariableFont_slnt,wght.ttf */,
				892A659B2644273B006DA1DE /* PlayfairDisplay-VariableFont_wght.ttf */,
				892A659D2644273B006DA1DE /* YesevaOne-Regular.ttf */,
			);
			path = Fonts;
			sourceTree = "<group>";
		};
		89AA3A352645BB9A0017FE5E /* VolunteerViewControllers */ = {
			isa = PBXGroup;
			children = (
				89896C80264B197F00047CD4 /* LoginViewController.swift */,
				896327AF264C11CE005394B0 /* RegistrationViewController.swift */,
				896327C9264C5D48005394B0 /* BirthdayViewController.swift */,
				896327CE264C620E005394B0 /* OrganizationViewController.swift */,
			);
			path = VolunteerViewControllers;
			sourceTree = "<group>";
		};
		89AA3A442646A6E40017FE5E /* Model */ = {
			isa = PBXGroup;
			children = (
				89C222E1264ACBDF002A93FD /* ModelSchemas */,
				89C222C4264ABFC9002A93FD /* UserRouter.swift */,
				89C222C9264ABFDB002A93FD /* CategoryRouter.swift */,
				89C222CE264ABFE6002A93FD /* TaskRouter.swift */,
			);
			path = Model;
			sourceTree = "<group>";
		};
		89AA3A452646A6FC0017FE5E /* Presentions(View) */ = {
			isa = PBXGroup;
			children = (
				8984D1382620CE2200C65994 /* Main.storyboard */,
				89896C95264B2B7F00047CD4 /* PensioneerViewControllers */,
				89AA3A352645BB9A0017FE5E /* VolunteerViewControllers */,
				89A4777126482C1F00E88343 /* Pensioner.storyboard */,
				89A4777926482C7800E88343 /* Volunteer.storyboard */,
			);
			path = "Presentions(View)";
			sourceTree = "<group>";
		};
		89C222C3264ABFB4002A93FD /* View-Model */ = {
			isa = PBXGroup;
			children = (
			);
			path = "View-Model";
			sourceTree = "<group>";
		};
		89C222E1264ACBDF002A93FD /* ModelSchemas */ = {
			isa = PBXGroup;
			children = (
				89C222E2264ACBF3002A93FD /* User.swift */,
				89C222EA264ACC03002A93FD /* Category.swift */,
				89C222EF264ACC10002A93FD /* Task.swift */,
			);
			name = ModelSchemas;
			path = GoldenAger/ModelSchemas;
			sourceTree = SOURCE_ROOT;
		};
		E284E697DC6AAED03E3592FD /* Pods */ = {
			isa = PBXGroup;
			children = (
				1A7AD87D88492071613FA56E /* Pods-GoldenAger.debug.xcconfig */,
				CFAC7FA06A05B987E6265077 /* Pods-GoldenAger.release.xcconfig */,
				19CA77D991E6350A8AEE4219 /* Pods-GoldenAger-GoldenAgerUITests.debug.xcconfig */,
				56F41406469183380148925D /* Pods-GoldenAger-GoldenAgerUITests.release.xcconfig */,
				8CAECE4EBBBCC44A7D75473C /* Pods-GoldenAgerTests.debug.xcconfig */,
				FF66115517494E697BE9BE3F /* Pods-GoldenAgerTests.release.xcconfig */,
			);
			path = Pods;
			sourceTree = "<group>";
		};
/* End PBXGroup section */

/* Begin PBXNativeTarget section */
		8984D12E2620CE2200C65994 /* GoldenAger */ = {
			isa = PBXNativeTarget;
			buildConfigurationList = 8984D1592620CE2900C65994 /* Build configuration list for PBXNativeTarget "GoldenAger" */;
			buildPhases = (
				F293DF599F7524BF6FAF6A45 /* [CP] Check Pods Manifest.lock */,
				8984D12B2620CE2200C65994 /* Sources */,
				8984D12C2620CE2200C65994 /* Frameworks */,
				8984D12D2620CE2200C65994 /* Resources */,
				22A4E7FFF52127B137AC9434 /* [CP] Embed Pods Frameworks */,
			);
			buildRules = (
			);
			dependencies = (
			);
			name = GoldenAger;
			productName = GoldenAger;
			productReference = 8984D12F2620CE2200C65994 /* GoldenAger.app */;
			productType = "com.apple.product-type.application";
		};
		8984D1442620CE2900C65994 /* GoldenAgerTests */ = {
			isa = PBXNativeTarget;
			buildConfigurationList = 8984D15C2620CE2900C65994 /* Build configuration list for PBXNativeTarget "GoldenAgerTests" */;
			buildPhases = (
				A56603422CF45E848007F903 /* [CP] Check Pods Manifest.lock */,
				8984D1412620CE2900C65994 /* Sources */,
				8984D1422620CE2900C65994 /* Frameworks */,
				8984D1432620CE2900C65994 /* Resources */,
			);
			buildRules = (
			);
			dependencies = (
				8984D1472620CE2900C65994 /* PBXTargetDependency */,
			);
			name = GoldenAgerTests;
			productName = GoldenAgerTests;
			productReference = 8984D1452620CE2900C65994 /* GoldenAgerTests.xctest */;
			productType = "com.apple.product-type.bundle.unit-test";
		};
		8984D14F2620CE2900C65994 /* GoldenAgerUITests */ = {
			isa = PBXNativeTarget;
			buildConfigurationList = 8984D15F2620CE2900C65994 /* Build configuration list for PBXNativeTarget "GoldenAgerUITests" */;
			buildPhases = (
				7BD4CCFF5412FE6055B17384 /* [CP] Check Pods Manifest.lock */,
				8984D14C2620CE2900C65994 /* Sources */,
				8984D14D2620CE2900C65994 /* Frameworks */,
				8984D14E2620CE2900C65994 /* Resources */,
				7B06E17F72AB1F52BCADBB43 /* [CP] Embed Pods Frameworks */,
			);
			buildRules = (
			);
			dependencies = (
				8984D1522620CE2900C65994 /* PBXTargetDependency */,
			);
			name = GoldenAgerUITests;
			productName = GoldenAgerUITests;
			productReference = 8984D1502620CE2900C65994 /* GoldenAgerUITests.xctest */;
			productType = "com.apple.product-type.bundle.ui-testing";
		};
/* End PBXNativeTarget section */

/* Begin PBXProject section */
		8984D1272620CE2100C65994 /* Project object */ = {
			isa = PBXProject;
			attributes = {
				LastSwiftUpdateCheck = 1240;
				LastUpgradeCheck = 1240;
				TargetAttributes = {
					8984D12E2620CE2200C65994 = {
						CreatedOnToolsVersion = 12.4;
					};
					8984D1442620CE2900C65994 = {
						CreatedOnToolsVersion = 12.4;
						TestTargetID = 8984D12E2620CE2200C65994;
					};
					8984D14F2620CE2900C65994 = {
						CreatedOnToolsVersion = 12.4;
						TestTargetID = 8984D12E2620CE2200C65994;
					};
				};
			};
			buildConfigurationList = 8984D12A2620CE2100C65994 /* Build configuration list for PBXProject "GoldenAger" */;
			compatibilityVersion = "Xcode 9.3";
			developmentRegion = en;
			hasScannedForEncodings = 0;
			knownRegions = (
				en,
				Base,
			);
			mainGroup = 8984D1262620CE2100C65994;
			productRefGroup = 8984D1302620CE2200C65994 /* Products */;
			projectDirPath = "";
			projectRoot = "";
			targets = (
				8984D12E2620CE2200C65994 /* GoldenAger */,
				8984D1442620CE2900C65994 /* GoldenAgerTests */,
				8984D14F2620CE2900C65994 /* GoldenAgerUITests */,
			);
		};
/* End PBXProject section */

/* Begin PBXResourcesBuildPhase section */
		8984D12D2620CE2200C65994 /* Resources */ = {
			isa = PBXResourcesBuildPhase;
			buildActionMask = 2147483647;
			files = (
				8984D13F2620CE2900C65994 /* LaunchScreen.storyboard in Resources */,
				892A65A626442818006DA1DE /* Inter-VariableFont_slnt,wght.ttf in Resources */,
				892A65A72644281B006DA1DE /* PlayfairDisplay-VariableFont_wght.ttf in Resources */,
				8984D13C2620CE2900C65994 /* Assets.xcassets in Resources */,
				89A4777A26482C7800E88343 /* Volunteer.storyboard in Resources */,
				892A65A82644281D006DA1DE /* YesevaOne-Regular.ttf in Resources */,
				8984D13A2620CE2200C65994 /* Main.storyboard in Resources */,
				89A4777226482C1F00E88343 /* Pensioner.storyboard in Resources */,
				892A65A226442811006DA1DE /* BalsamiqSans-Regular.ttf in Resources */,
			);
			runOnlyForDeploymentPostprocessing = 0;
		};
		8984D1432620CE2900C65994 /* Resources */ = {
			isa = PBXResourcesBuildPhase;
			buildActionMask = 2147483647;
			files = (
			);
			runOnlyForDeploymentPostprocessing = 0;
		};
		8984D14E2620CE2900C65994 /* Resources */ = {
			isa = PBXResourcesBuildPhase;
			buildActionMask = 2147483647;
			files = (
			);
			runOnlyForDeploymentPostprocessing = 0;
		};
/* End PBXResourcesBuildPhase section */

/* Begin PBXShellScriptBuildPhase section */
		22A4E7FFF52127B137AC9434 /* [CP] Embed Pods Frameworks */ = {
			isa = PBXShellScriptBuildPhase;
			buildActionMask = 2147483647;
			files = (
			);
			inputFileListPaths = (
				"${PODS_ROOT}/Target Support Files/Pods-GoldenAger/Pods-GoldenAger-frameworks-${CONFIGURATION}-input-files.xcfilelist",
			);
			name = "[CP] Embed Pods Frameworks";
			outputFileListPaths = (
				"${PODS_ROOT}/Target Support Files/Pods-GoldenAger/Pods-GoldenAger-frameworks-${CONFIGURATION}-output-files.xcfilelist",
			);
			runOnlyForDeploymentPostprocessing = 0;
			shellPath = /bin/sh;
			shellScript = "\"${PODS_ROOT}/Target Support Files/Pods-GoldenAger/Pods-GoldenAger-frameworks.sh\"\n";
			showEnvVarsInLog = 0;
		};
		7B06E17F72AB1F52BCADBB43 /* [CP] Embed Pods Frameworks */ = {
			isa = PBXShellScriptBuildPhase;
			buildActionMask = 2147483647;
			files = (
			);
			inputFileListPaths = (
				"${PODS_ROOT}/Target Support Files/Pods-GoldenAger-GoldenAgerUITests/Pods-GoldenAger-GoldenAgerUITests-frameworks-${CONFIGURATION}-input-files.xcfilelist",
			);
			name = "[CP] Embed Pods Frameworks";
			outputFileListPaths = (
				"${PODS_ROOT}/Target Support Files/Pods-GoldenAger-GoldenAgerUITests/Pods-GoldenAger-GoldenAgerUITests-frameworks-${CONFIGURATION}-output-files.xcfilelist",
			);
			runOnlyForDeploymentPostprocessing = 0;
			shellPath = /bin/sh;
			shellScript = "\"${PODS_ROOT}/Target Support Files/Pods-GoldenAger-GoldenAgerUITests/Pods-GoldenAger-GoldenAgerUITests-frameworks.sh\"\n";
			showEnvVarsInLog = 0;
		};
		7BD4CCFF5412FE6055B17384 /* [CP] Check Pods Manifest.lock */ = {
			isa = PBXShellScriptBuildPhase;
			buildActionMask = 2147483647;
			files = (
			);
			inputFileListPaths = (
			);
			inputPaths = (
				"${PODS_PODFILE_DIR_PATH}/Podfile.lock",
				"${PODS_ROOT}/Manifest.lock",
			);
			name = "[CP] Check Pods Manifest.lock";
			outputFileListPaths = (
			);
			outputPaths = (
				"$(DERIVED_FILE_DIR)/Pods-GoldenAger-GoldenAgerUITests-checkManifestLockResult.txt",
			);
			runOnlyForDeploymentPostprocessing = 0;
			shellPath = /bin/sh;
			shellScript = "diff \"${PODS_PODFILE_DIR_PATH}/Podfile.lock\" \"${PODS_ROOT}/Manifest.lock\" > /dev/null\nif [ $? != 0 ] ; then\n    # print error to STDERR\n    echo \"error: The sandbox is not in sync with the Podfile.lock. Run 'pod install' or update your CocoaPods installation.\" >&2\n    exit 1\nfi\n# This output is used by Xcode 'outputs' to avoid re-running this script phase.\necho \"SUCCESS\" > \"${SCRIPT_OUTPUT_FILE_0}\"\n";
			showEnvVarsInLog = 0;
		};
		A56603422CF45E848007F903 /* [CP] Check Pods Manifest.lock */ = {
			isa = PBXShellScriptBuildPhase;
			buildActionMask = 2147483647;
			files = (
			);
			inputFileListPaths = (
			);
			inputPaths = (
				"${PODS_PODFILE_DIR_PATH}/Podfile.lock",
				"${PODS_ROOT}/Manifest.lock",
			);
			name = "[CP] Check Pods Manifest.lock";
			outputFileListPaths = (
			);
			outputPaths = (
				"$(DERIVED_FILE_DIR)/Pods-GoldenAgerTests-checkManifestLockResult.txt",
			);
			runOnlyForDeploymentPostprocessing = 0;
			shellPath = /bin/sh;
			shellScript = "diff \"${PODS_PODFILE_DIR_PATH}/Podfile.lock\" \"${PODS_ROOT}/Manifest.lock\" > /dev/null\nif [ $? != 0 ] ; then\n    # print error to STDERR\n    echo \"error: The sandbox is not in sync with the Podfile.lock. Run 'pod install' or update your CocoaPods installation.\" >&2\n    exit 1\nfi\n# This output is used by Xcode 'outputs' to avoid re-running this script phase.\necho \"SUCCESS\" > \"${SCRIPT_OUTPUT_FILE_0}\"\n";
			showEnvVarsInLog = 0;
		};
		F293DF599F7524BF6FAF6A45 /* [CP] Check Pods Manifest.lock */ = {
			isa = PBXShellScriptBuildPhase;
			buildActionMask = 2147483647;
			files = (
			);
			inputFileListPaths = (
			);
			inputPaths = (
				"${PODS_PODFILE_DIR_PATH}/Podfile.lock",
				"${PODS_ROOT}/Manifest.lock",
			);
			name = "[CP] Check Pods Manifest.lock";
			outputFileListPaths = (
			);
			outputPaths = (
				"$(DERIVED_FILE_DIR)/Pods-GoldenAger-checkManifestLockResult.txt",
			);
			runOnlyForDeploymentPostprocessing = 0;
			shellPath = /bin/sh;
			shellScript = "diff \"${PODS_PODFILE_DIR_PATH}/Podfile.lock\" \"${PODS_ROOT}/Manifest.lock\" > /dev/null\nif [ $? != 0 ] ; then\n    # print error to STDERR\n    echo \"error: The sandbox is not in sync with the Podfile.lock. Run 'pod install' or update your CocoaPods installation.\" >&2\n    exit 1\nfi\n# This output is used by Xcode 'outputs' to avoid re-running this script phase.\necho \"SUCCESS\" > \"${SCRIPT_OUTPUT_FILE_0}\"\n";
			showEnvVarsInLog = 0;
		};
/* End PBXShellScriptBuildPhase section */

/* Begin PBXSourcesBuildPhase section */
		8984D12B2620CE2200C65994 /* Sources */ = {
			isa = PBXSourcesBuildPhase;
			buildActionMask = 2147483647;
			files = (
				89C222C5264ABFC9002A93FD /* UserRouter.swift in Sources */,
				89C222CA264ABFDB002A93FD /* CategoryRouter.swift in Sources */,
				896327D9264C7007005394B0 /* QAViewController.swift in Sources */,
				8984D1372620CE2200C65994 /* ViewController.swift in Sources */,
				896327DE264C7030005394B0 /* SurnameViewController.swift in Sources */,
				8984D1332620CE2200C65994 /* AppDelegate.swift in Sources */,
				896327E8264C70C9005394B0 /* PhoneViewController.swift in Sources */,
				89C222CF264ABFE6002A93FD /* TaskRouter.swift in Sources */,
				8984D1352620CE2200C65994 /* SceneDelegate.swift in Sources */,
				896327E3264C7081005394B0 /* Birthday2ViewController.swift in Sources */,
				896327CF264C620E005394B0 /* OrganizationViewController.swift in Sources */,
				896327B0264C11CF005394B0 /* RegistrationViewController.swift in Sources */,
				89C222E3264ACBF3002A93FD /* User.swift in Sources */,
				89C222F0264ACC10002A93FD /* Task.swift in Sources */,
				89896C79264AFD4500047CD4 /* Utilities.swift in Sources */,
				89C222EB264ACC03002A93FD /* Category.swift in Sources */,
				89896C81264B197F00047CD4 /* LoginViewController.swift in Sources */,
				896327CA264C5D49005394B0 /* BirthdayViewController.swift in Sources */,
				896327D4264C67DC005394B0 /* NameViewController.swift in Sources */,
			);
			runOnlyForDeploymentPostprocessing = 0;
		};
		8984D1412620CE2900C65994 /* Sources */ = {
			isa = PBXSourcesBuildPhase;
			buildActionMask = 2147483647;
			files = (
				8984D14A2620CE2900C65994 /* GoldenAgerTests.swift in Sources */,
			);
			runOnlyForDeploymentPostprocessing = 0;
		};
		8984D14C2620CE2900C65994 /* Sources */ = {
			isa = PBXSourcesBuildPhase;
			buildActionMask = 2147483647;
			files = (
				8984D1552620CE2900C65994 /* GoldenAgerUITests.swift in Sources */,
			);
			runOnlyForDeploymentPostprocessing = 0;
		};
/* End PBXSourcesBuildPhase section */

/* Begin PBXTargetDependency section */
		8984D1472620CE2900C65994 /* PBXTargetDependency */ = {
			isa = PBXTargetDependency;
			target = 8984D12E2620CE2200C65994 /* GoldenAger */;
			targetProxy = 8984D1462620CE2900C65994 /* PBXContainerItemProxy */;
		};
		8984D1522620CE2900C65994 /* PBXTargetDependency */ = {
			isa = PBXTargetDependency;
			target = 8984D12E2620CE2200C65994 /* GoldenAger */;
			targetProxy = 8984D1512620CE2900C65994 /* PBXContainerItemProxy */;
		};
/* End PBXTargetDependency section */

/* Begin PBXVariantGroup section */
		8984D1382620CE2200C65994 /* Main.storyboard */ = {
			isa = PBXVariantGroup;
			children = (
				8984D1392620CE2200C65994 /* Base */,
			);
			name = Main.storyboard;
			sourceTree = "<group>";
			usesTabs = 0;
		};
		8984D13D2620CE2900C65994 /* LaunchScreen.storyboard */ = {
			isa = PBXVariantGroup;
			children = (
				8984D13E2620CE2900C65994 /* Base */,
			);
			name = LaunchScreen.storyboard;
			sourceTree = "<group>";
		};
/* End PBXVariantGroup section */

/* Begin XCBuildConfiguration section */
		8984D1572620CE2900C65994 /* Debug */ = {
			isa = XCBuildConfiguration;
			buildSettings = {
				ALWAYS_SEARCH_USER_PATHS = NO;
				CLANG_ANALYZER_NONNULL = YES;
				CLANG_ANALYZER_NUMBER_OBJECT_CONVERSION = YES_AGGRESSIVE;
				CLANG_CXX_LANGUAGE_STANDARD = "gnu++14";
				CLANG_CXX_LIBRARY = "libc++";
				CLANG_ENABLE_MODULES = YES;
				CLANG_ENABLE_OBJC_ARC = YES;
				CLANG_ENABLE_OBJC_WEAK = YES;
				CLANG_WARN_BLOCK_CAPTURE_AUTORELEASING = YES;
				CLANG_WARN_BOOL_CONVERSION = YES;
				CLANG_WARN_COMMA = YES;
				CLANG_WARN_CONSTANT_CONVERSION = YES;
				CLANG_WARN_DEPRECATED_OBJC_IMPLEMENTATIONS = YES;
				CLANG_WARN_DIRECT_OBJC_ISA_USAGE = YES_ERROR;
				CLANG_WARN_DOCUMENTATION_COMMENTS = YES;
				CLANG_WARN_EMPTY_BODY = YES;
				CLANG_WARN_ENUM_CONVERSION = YES;
				CLANG_WARN_INFINITE_RECURSION = YES;
				CLANG_WARN_INT_CONVERSION = YES;
				CLANG_WARN_NON_LITERAL_NULL_CONVERSION = YES;
				CLANG_WARN_OBJC_IMPLICIT_RETAIN_SELF = YES;
				CLANG_WARN_OBJC_LITERAL_CONVERSION = YES;
				CLANG_WARN_OBJC_ROOT_CLASS = YES_ERROR;
				CLANG_WARN_QUOTED_INCLUDE_IN_FRAMEWORK_HEADER = YES;
				CLANG_WARN_RANGE_LOOP_ANALYSIS = YES;
				CLANG_WARN_STRICT_PROTOTYPES = YES;
				CLANG_WARN_SUSPICIOUS_MOVE = YES;
				CLANG_WARN_UNGUARDED_AVAILABILITY = YES_AGGRESSIVE;
				CLANG_WARN_UNREACHABLE_CODE = YES;
				CLANG_WARN__DUPLICATE_METHOD_MATCH = YES;
				COPY_PHASE_STRIP = NO;
				DEBUG_INFORMATION_FORMAT = dwarf;
				EMBED_ASSET_PACKS_IN_PRODUCT_BUNDLE = YES;
				ENABLE_STRICT_OBJC_MSGSEND = YES;
				ENABLE_TESTABILITY = YES;
				GCC_C_LANGUAGE_STANDARD = gnu11;
				GCC_DYNAMIC_NO_PIC = NO;
				GCC_NO_COMMON_BLOCKS = YES;
				GCC_OPTIMIZATION_LEVEL = 0;
				GCC_PREPROCESSOR_DEFINITIONS = (
					"DEBUG=1",
					"$(inherited)",
				);
				GCC_WARN_64_TO_32_BIT_CONVERSION = YES;
				GCC_WARN_ABOUT_RETURN_TYPE = YES_ERROR;
				GCC_WARN_UNDECLARED_SELECTOR = YES;
				GCC_WARN_UNINITIALIZED_AUTOS = YES_AGGRESSIVE;
				GCC_WARN_UNUSED_FUNCTION = YES;
				GCC_WARN_UNUSED_VARIABLE = YES;
				IPHONEOS_DEPLOYMENT_TARGET = 14.4;
				MTL_ENABLE_DEBUG_INFO = INCLUDE_SOURCE;
				MTL_FAST_MATH = YES;
				ONLY_ACTIVE_ARCH = YES;
				SDKROOT = iphoneos;
				SWIFT_ACTIVE_COMPILATION_CONDITIONS = DEBUG;
				SWIFT_OPTIMIZATION_LEVEL = "-Onone";
			};
			name = Debug;
		};
		8984D1582620CE2900C65994 /* Release */ = {
			isa = XCBuildConfiguration;
			buildSettings = {
				ALWAYS_SEARCH_USER_PATHS = NO;
				CLANG_ANALYZER_NONNULL = YES;
				CLANG_ANALYZER_NUMBER_OBJECT_CONVERSION = YES_AGGRESSIVE;
				CLANG_CXX_LANGUAGE_STANDARD = "gnu++14";
				CLANG_CXX_LIBRARY = "libc++";
				CLANG_ENABLE_MODULES = YES;
				CLANG_ENABLE_OBJC_ARC = YES;
				CLANG_ENABLE_OBJC_WEAK = YES;
				CLANG_WARN_BLOCK_CAPTURE_AUTORELEASING = YES;
				CLANG_WARN_BOOL_CONVERSION = YES;
				CLANG_WARN_COMMA = YES;
				CLANG_WARN_CONSTANT_CONVERSION = YES;
				CLANG_WARN_DEPRECATED_OBJC_IMPLEMENTATIONS = YES;
				CLANG_WARN_DIRECT_OBJC_ISA_USAGE = YES_ERROR;
				CLANG_WARN_DOCUMENTATION_COMMENTS = YES;
				CLANG_WARN_EMPTY_BODY = YES;
				CLANG_WARN_ENUM_CONVERSION = YES;
				CLANG_WARN_INFINITE_RECURSION = YES;
				CLANG_WARN_INT_CONVERSION = YES;
				CLANG_WARN_NON_LITERAL_NULL_CONVERSION = YES;
				CLANG_WARN_OBJC_IMPLICIT_RETAIN_SELF = YES;
				CLANG_WARN_OBJC_LITERAL_CONVERSION = YES;
				CLANG_WARN_OBJC_ROOT_CLASS = YES_ERROR;
				CLANG_WARN_QUOTED_INCLUDE_IN_FRAMEWORK_HEADER = YES;
				CLANG_WARN_RANGE_LOOP_ANALYSIS = YES;
				CLANG_WARN_STRICT_PROTOTYPES = YES;
				CLANG_WARN_SUSPICIOUS_MOVE = YES;
				CLANG_WARN_UNGUARDED_AVAILABILITY = YES_AGGRESSIVE;
				CLANG_WARN_UNREACHABLE_CODE = YES;
				CLANG_WARN__DUPLICATE_METHOD_MATCH = YES;
				COPY_PHASE_STRIP = NO;
				DEBUG_INFORMATION_FORMAT = "dwarf-with-dsym";
				EMBED_ASSET_PACKS_IN_PRODUCT_BUNDLE = YES;
				ENABLE_NS_ASSERTIONS = NO;
				ENABLE_STRICT_OBJC_MSGSEND = YES;
				GCC_C_LANGUAGE_STANDARD = gnu11;
				GCC_NO_COMMON_BLOCKS = YES;
				GCC_WARN_64_TO_32_BIT_CONVERSION = YES;
				GCC_WARN_ABOUT_RETURN_TYPE = YES_ERROR;
				GCC_WARN_UNDECLARED_SELECTOR = YES;
				GCC_WARN_UNINITIALIZED_AUTOS = YES_AGGRESSIVE;
				GCC_WARN_UNUSED_FUNCTION = YES;
				GCC_WARN_UNUSED_VARIABLE = YES;
				IPHONEOS_DEPLOYMENT_TARGET = 14.4;
				MTL_ENABLE_DEBUG_INFO = NO;
				MTL_FAST_MATH = YES;
				SDKROOT = iphoneos;
				SWIFT_COMPILATION_MODE = wholemodule;
				SWIFT_OPTIMIZATION_LEVEL = "-O";
				VALIDATE_PRODUCT = YES;
			};
			name = Release;
		};
		8984D15A2620CE2900C65994 /* Debug */ = {
			isa = XCBuildConfiguration;
			baseConfigurationReference = 1A7AD87D88492071613FA56E /* Pods-GoldenAger.debug.xcconfig */;
			buildSettings = {
				ASSETCATALOG_COMPILER_APPICON_NAME = AppIcon;
				ASSETCATALOG_COMPILER_GLOBAL_ACCENT_COLOR_NAME = AccentColor;
				CODE_SIGN_STYLE = Automatic;
				DEVELOPMENT_TEAM = C88Y3LP95D;
				INFOPLIST_FILE = GoldenAger/Info.plist;
				LD_RUNPATH_SEARCH_PATHS = (
					"$(inherited)",
					"@executable_path/Frameworks",
				);
				PRODUCT_BUNDLE_IDENTIFIER = sofixeno.GoldenAger;
				PRODUCT_NAME = "$(TARGET_NAME)";
				SWIFT_VERSION = 5.0;
				TARGETED_DEVICE_FAMILY = "1,2";
			};
			name = Debug;
		};
		8984D15B2620CE2900C65994 /* Release */ = {
			isa = XCBuildConfiguration;
			baseConfigurationReference = CFAC7FA06A05B987E6265077 /* Pods-GoldenAger.release.xcconfig */;
			buildSettings = {
				ASSETCATALOG_COMPILER_APPICON_NAME = AppIcon;
				ASSETCATALOG_COMPILER_GLOBAL_ACCENT_COLOR_NAME = AccentColor;
				CODE_SIGN_STYLE = Automatic;
				DEVELOPMENT_TEAM = C88Y3LP95D;
				INFOPLIST_FILE = GoldenAger/Info.plist;
				LD_RUNPATH_SEARCH_PATHS = (
					"$(inherited)",
					"@executable_path/Frameworks",
				);
				PRODUCT_BUNDLE_IDENTIFIER = sofixeno.GoldenAger;
				PRODUCT_NAME = "$(TARGET_NAME)";
				SWIFT_VERSION = 5.0;
				TARGETED_DEVICE_FAMILY = "1,2";
			};
			name = Release;
		};
		8984D15D2620CE2900C65994 /* Debug */ = {
			isa = XCBuildConfiguration;
			baseConfigurationReference = 8CAECE4EBBBCC44A7D75473C /* Pods-GoldenAgerTests.debug.xcconfig */;
			buildSettings = {
				ALWAYS_EMBED_SWIFT_STANDARD_LIBRARIES = YES;
				BUNDLE_LOADER = "$(TEST_HOST)";
				CODE_SIGN_STYLE = Automatic;
				DEVELOPMENT_TEAM = C88Y3LP95D;
				INFOPLIST_FILE = GoldenAgerTests/Info.plist;
				IPHONEOS_DEPLOYMENT_TARGET = 14.4;
				LD_RUNPATH_SEARCH_PATHS = (
					"$(inherited)",
					"@executable_path/Frameworks",
					"@loader_path/Frameworks",
				);
				PRODUCT_BUNDLE_IDENTIFIER = sofixeno.GoldenAgerTests;
				PRODUCT_NAME = "$(TARGET_NAME)";
				SWIFT_VERSION = 5.0;
				TARGETED_DEVICE_FAMILY = "1,2";
				TEST_HOST = "$(BUILT_PRODUCTS_DIR)/GoldenAger.app/GoldenAger";
			};
			name = Debug;
		};
		8984D15E2620CE2900C65994 /* Release */ = {
			isa = XCBuildConfiguration;
			baseConfigurationReference = FF66115517494E697BE9BE3F /* Pods-GoldenAgerTests.release.xcconfig */;
			buildSettings = {
				ALWAYS_EMBED_SWIFT_STANDARD_LIBRARIES = YES;
				BUNDLE_LOADER = "$(TEST_HOST)";
				CODE_SIGN_STYLE = Automatic;
				DEVELOPMENT_TEAM = C88Y3LP95D;
				INFOPLIST_FILE = GoldenAgerTests/Info.plist;
				IPHONEOS_DEPLOYMENT_TARGET = 14.4;
				LD_RUNPATH_SEARCH_PATHS = (
					"$(inherited)",
					"@executable_path/Frameworks",
					"@loader_path/Frameworks",
				);
				PRODUCT_BUNDLE_IDENTIFIER = sofixeno.GoldenAgerTests;
				PRODUCT_NAME = "$(TARGET_NAME)";
				SWIFT_VERSION = 5.0;
				TARGETED_DEVICE_FAMILY = "1,2";
				TEST_HOST = "$(BUILT_PRODUCTS_DIR)/GoldenAger.app/GoldenAger";
			};
			name = Release;
		};
		8984D1602620CE2900C65994 /* Debug */ = {
			isa = XCBuildConfiguration;
			baseConfigurationReference = 19CA77D991E6350A8AEE4219 /* Pods-GoldenAger-GoldenAgerUITests.debug.xcconfig */;
			buildSettings = {
				ALWAYS_EMBED_SWIFT_STANDARD_LIBRARIES = YES;
				CODE_SIGN_STYLE = Automatic;
				DEVELOPMENT_TEAM = C88Y3LP95D;
				INFOPLIST_FILE = GoldenAgerUITests/Info.plist;
				LD_RUNPATH_SEARCH_PATHS = (
					"$(inherited)",
					"@executable_path/Frameworks",
					"@loader_path/Frameworks",
				);
				PRODUCT_BUNDLE_IDENTIFIER = sofixeno.GoldenAgerUITests;
				PRODUCT_NAME = "$(TARGET_NAME)";
				SWIFT_VERSION = 5.0;
				TARGETED_DEVICE_FAMILY = "1,2";
				TEST_TARGET_NAME = GoldenAger;
			};
			name = Debug;
		};
		8984D1612620CE2900C65994 /* Release */ = {
			isa = XCBuildConfiguration;
			baseConfigurationReference = 56F41406469183380148925D /* Pods-GoldenAger-GoldenAgerUITests.release.xcconfig */;
			buildSettings = {
				ALWAYS_EMBED_SWIFT_STANDARD_LIBRARIES = YES;
				CODE_SIGN_STYLE = Automatic;
				DEVELOPMENT_TEAM = C88Y3LP95D;
				INFOPLIST_FILE = GoldenAgerUITests/Info.plist;
				LD_RUNPATH_SEARCH_PATHS = (
					"$(inherited)",
					"@executable_path/Frameworks",
					"@loader_path/Frameworks",
				);
				PRODUCT_BUNDLE_IDENTIFIER = sofixeno.GoldenAgerUITests;
				PRODUCT_NAME = "$(TARGET_NAME)";
				SWIFT_VERSION = 5.0;
				TARGETED_DEVICE_FAMILY = "1,2";
				TEST_TARGET_NAME = GoldenAger;
			};
			name = Release;
		};
/* End XCBuildConfiguration section */

/* Begin XCConfigurationList section */
		8984D12A2620CE2100C65994 /* Build configuration list for PBXProject "GoldenAger" */ = {
			isa = XCConfigurationList;
			buildConfigurations = (
				8984D1572620CE2900C65994 /* Debug */,
				8984D1582620CE2900C65994 /* Release */,
			);
			defaultConfigurationIsVisible = 0;
			defaultConfigurationName = Release;
		};
		8984D1592620CE2900C65994 /* Build configuration list for PBXNativeTarget "GoldenAger" */ = {
			isa = XCConfigurationList;
			buildConfigurations = (
				8984D15A2620CE2900C65994 /* Debug */,
				8984D15B2620CE2900C65994 /* Release */,
			);
			defaultConfigurationIsVisible = 0;
			defaultConfigurationName = Release;
		};
		8984D15C2620CE2900C65994 /* Build configuration list for PBXNativeTarget "GoldenAgerTests" */ = {
			isa = XCConfigurationList;
			buildConfigurations = (
				8984D15D2620CE2900C65994 /* Debug */,
				8984D15E2620CE2900C65994 /* Release */,
			);
			defaultConfigurationIsVisible = 0;
			defaultConfigurationName = Release;
		};
		8984D15F2620CE2900C65994 /* Build configuration list for PBXNativeTarget "GoldenAgerUITests" */ = {
			isa = XCConfigurationList;
			buildConfigurations = (
				8984D1602620CE2900C65994 /* Debug */,
				8984D1612620CE2900C65994 /* Release */,
			);
			defaultConfigurationIsVisible = 0;
			defaultConfigurationName = Release;
		};
/* End XCConfigurationList section */
	};
	rootObject = 8984D1272620CE2100C65994 /* Project object */;
}
